
Microsoft Visual Studio Solution File, Format Version 12.00
# Visual Studio Version 16
VisualStudioVersion = 16.0.30320.27
MinimumVisualStudioVersion = 10.0.40219.1
Project("{FAE04EC0-301F-11D3-BF4B-00C04F79EFBC}") = "Twenty20", "Twenty20\Twenty20.csproj", "{B666B828-B7B5-4E3B-BEE7-0C63FA707F1A}"
EndProject
Global
	GlobalSection(SolutionConfigurationPlatforms) = preSolution
		Debug|Any CPU = Debug|Any CPU
		Release|Any CPU = Release|Any CPU
	EndGlobalSection
	GlobalSection(ProjectConfigurationPlatforms) = postSolution
		{B666B828-B7B5-4E3B-BEE7-0C63FA707F1A}.Debug|Any CPU.ActiveCfg = Debug|Any CPU
		{B666B828-B7B5-4E3B-BEE7-0C63FA707F1A}.Debug|Any CPU.Build.0 = Debug|Any CPU
		{B666B828-B7B5-4E3B-BEE7-0C63FA707F1A}.Release|Any CPU.ActiveCfg = Release|Any CPU
		{B666B828-B7B5-4E3B-BEE7-0C63FA707F1A}.Release|Any CPU.Build.0 = Release|Any CPU
	EndGlobalSection
	GlobalSection(SolutionProperties) = preSolution
		HideSolutionNode = FALSE
	EndGlobalSection
	GlobalSection(ExtensibilityGlobals) = postSolution
		SolutionGuid = {6A279856-AE92-45BA-9F48-2C0D7206874A}
	EndGlobalSection
EndGlobal
